
Microsoft Visual Studio Solution File, Format Version 12.00
# Visual Studio Version 16
VisualStudioVersion = 16.0.29102.190
MinimumVisualStudioVersion = 10.0.40219.1
Project("{8BC9CEB8-8B4A-11D0-8D11-00A0C91BC942}") = "MemoryScanner", "MemoryScanner\MemoryScanner.vcxproj", "{BCE39A4D-A536-4517-84E5-6DA302717628}"
EndProject
Project("{8BC9CEB8-8B4A-11D0-8D11-00A0C91BC942}") = "FakeKeyInputToNotepad", "FakeKeyInputToNotepad\FakeKeyInputToNotepad.vcxproj", "{28B2816A-3A9A-4CCA-BB8C-80C06228B0CA}"
EndProject
Global
	GlobalSection(SolutionConfigurationPlatforms) = preSolution
		Debug|x64 = Debug|x64
		Debug|x86 = Debug|x86
		Release|x64 = Release|x64
		Release|x86 = Release|x86
	EndGlobalSection
	GlobalSection(ProjectConfigurationPlatforms) = postSolution
		{BCE39A4D-A536-4517-84E5-6DA302717628}.Debug|x64.ActiveCfg = Debug|x64
		{BCE39A4D-A536-4517-84E5-6DA302717628}.Debug|x64.Build.0 = Debug|x64
		{BCE39A4D-A536-4517-84E5-6DA302717628}.Debug|x86.ActiveCfg = Debug|Win32
		{BCE39A4D-A536-4517-84E5-6DA302717628}.Debug|x86.Build.0 = Debug|Win32
		{BCE39A4D-A536-4517-84E5-6DA302717628}.Release|x64.ActiveCfg = Release|x64
		{BCE39A4D-A536-4517-84E5-6DA302717628}.Release|x64.Build.0 = Release|x64
		{BCE39A4D-A536-4517-84E5-6DA302717628}.Release|x86.ActiveCfg = Release|Win32
		{BCE39A4D-A536-4517-84E5-6DA302717628}.Release|x86.Build.0 = Release|Win32
		{28B2816A-3A9A-4CCA-BB8C-80C06228B0CA}.Debug|x64.ActiveCfg = Debug|x64
		{28B2816A-3A9A-4CCA-BB8C-80C06228B0CA}.Debug|x64.Build.0 = Debug|x64
		{28B2816A-3A9A-4CCA-BB8C-80C06228B0CA}.Debug|x86.ActiveCfg = Debug|Win32
		{28B2816A-3A9A-4CCA-BB8C-80C06228B0CA}.Debug|x86.Build.0 = Debug|Win32
		{28B2816A-3A9A-4CCA-BB8C-80C06228B0CA}.Release|x64.ActiveCfg = Release|x64
		{28B2816A-3A9A-4CCA-BB8C-80C06228B0CA}.Release|x64.Build.0 = Release|x64
		{28B2816A-3A9A-4CCA-BB8C-80C06228B0CA}.Release|x86.ActiveCfg = Release|Win32
		{28B2816A-3A9A-4CCA-BB8C-80C06228B0CA}.Release|x86.Build.0 = Release|Win32
	EndGlobalSection
	GlobalSection(SolutionProperties) = preSolution
		HideSolutionNode = FALSE
	EndGlobalSection
	GlobalSection(ExtensibilityGlobals) = postSolution
		SolutionGuid = {B18F691E-4980-42D3-BD95-BA5F3C7A3C69}
	EndGlobalSection
EndGlobal
